# This file was autogenerated by Stack.
# You should not edit this file by hand.
# For more information, please see the documentation at:
#   https://docs.haskellstack.org/en/stable/lock_files

packages:
- completed:
    hackage: row-types-1.0.1.2@sha256:4d4c7cb95d06a32b28ba977852d52a26b4c1f695ef083a6fd874ab6d79933b64,3071
    pantry-tree:
      sha256: 6a3617038d3970095100d14d026c396002a115700500cf3004ffb67ae5a75611
      size: 1060
  original:
    hackage: row-types-1.0.1.2
- completed:
    name: aern2-affarith
    pantry-tree:
      sha256: 742486ced240c308f384c543479eeeabd9ed4d1ffb94bc116d9bf91fd75dfe16
      size: 461
    sha256: 1428149bcab5ce9fa1ab4c3fd990fd875ef46f40756c8f504235a6d11befea12
    size: 168148830
    subdir: aern2-affarith
    url: https://github.com/michalkonecny/aern2/archive/ddbb4a940f570384fb19e6cc237221f14a7e1e44.tar.gz
    version: 0.2.15.0
  original:
    subdir: aern2-affarith
    url: https://github.com/michalkonecny/aern2/archive/ddbb4a940f570384fb19e6cc237221f14a7e1e44.tar.gz
snapshots:
- completed:
    sha256: e63b43d506918278d05cd1448bd19352ab2faa9b8e9d64ce527b56f1a7fba149
    size: 650255
    url: https://raw.githubusercontent.com/commercialhaskell/stackage-snapshots/master/lts/20/25.yaml
  original: lts-20.25
